
Microsoft Visual Studio Solution File, Format Version 12.00
# Visual Studio Version 16
VisualStudioVersion = 16.0.32929.386
MinimumVisualStudioVersion = 10.0.40219.1
Project("{F184B08F-C81C-45F6-A57F-5ABD9991F28F}") = "Project2_MN", "Project2_MN\Project2_MN.vbproj", "{BFFFB439-46B4-4E32-9CF5-165EA1083BA2}"
EndProject
Global
	GlobalSection(SolutionConfigurationPlatforms) = preSolution
		Debug|Any CPU = Debug|Any CPU
		Release|Any CPU = Release|Any CPU
	EndGlobalSection
	GlobalSection(ProjectConfigurationPlatforms) = postSolution
		{BFFFB439-46B4-4E32-9CF5-165EA1083BA2}.Debug|Any CPU.ActiveCfg = Debug|Any CPU
		{BFFFB439-46B4-4E32-9CF5-165EA1083BA2}.Debug|Any CPU.Build.0 = Debug|Any CPU
		{BFFFB439-46B4-4E32-9CF5-165EA1083BA2}.Release|Any CPU.ActiveCfg = Release|Any CPU
		{BFFFB439-46B4-4E32-9CF5-165EA1083BA2}.Release|Any CPU.Build.0 = Release|Any CPU
	EndGlobalSection
	GlobalSection(SolutionProperties) = preSolution
		HideSolutionNode = FALSE
	EndGlobalSection
	GlobalSection(ExtensibilityGlobals) = postSolution
		SolutionGuid = {6D6EDDE7-C878-419E-A368-E37A482CCF14}
	EndGlobalSection
EndGlobal
